// !$*UTF8*$!
{
	archiveVersion = 1;
	classes = {
	};
	objectVersion = 54;
	objects = {

/* Begin PBXBuildFile section */
		0502A30821031A0400F0332D /* AppDelegate.swift in Sources */ = {isa = PBXBuildFile; fileRef = 0502A30721031A0400F0332D /* AppDelegate.swift */; };
		0502A30A21031A0400F0332D /* DonationReferrerTypesViewController.swift in Sources */ = {isa = PBXBuildFile; fileRef = 0502A30921031A0400F0332D /* DonationReferrerTypesViewController.swift */; };
		0502A30D21031A0400F0332D /* Main.storyboard in Resources */ = {isa = PBXBuildFile; fileRef = 0502A30B21031A0400F0332D /* Main.storyboard */; };
		0502A30F21031A0500F0332D /* Assets.xcassets in Resources */ = {isa = PBXBuildFile; fileRef = 0502A30E21031A0500F0332D /* Assets.xcassets */; };
		0502A31221031A0500F0332D /* LaunchScreen.storyboard in Resources */ = {isa = PBXBuildFile; fileRef = 0502A31021031A0500F0332D /* LaunchScreen.storyboard */; };
		D200002121031A3C00F0332D /* AppDependencies.swift in Sources */ = {isa = PBXBuildFile; fileRef = D200001121031A3C00F0332D /* AppDependencies.swift */; };
		D200002221031A3C00F0332D /* ReferrerType.swift in Sources */ = {isa = PBXBuildFile; fileRef = D200001221031A3C00F0332D /* ReferrerType.swift */; };
		D200002321031A3C00F0332D /* ReferrerTypeRepository.swift in Sources */ = {isa = PBXBuildFile; fileRef = D200001321031A3C00F0332D /* ReferrerTypeRepository.swift */; };
		D200002421031A3C00F0332D /* GetReferrerTypesUseCase.swift in Sources */ = {isa = PBXBuildFile; fileRef = D200001421031A3C00F0332D /* GetReferrerTypesUseCase.swift */; };
		D200002521031A3C00F0332D /* DonationReferrerTypesRemoteDataSource.swift in Sources */ = {isa = PBXBuildFile; fileRef = D200001521031A3C00F0332D /* DonationReferrerTypesRemoteDataSource.swift */; };
		D200002621031A3C00F0332D /* ReferrerTypeRepositoryImpl.swift in Sources */ = {isa = PBXBuildFile; fileRef = D200001621031A3C00F0332D /* ReferrerTypeRepositoryImpl.swift */; };
		D200002721031A3C00F0332D /* DonationReferrerTypesUIState.swift in Sources */ = {isa = PBXBuildFile; fileRef = D200001721031A3C00F0332D /* DonationReferrerTypesUIState.swift */; };
		D200002821031A3C00F0332D /* DonationReferrerTypesViewModel.swift in Sources */ = {isa = PBXBuildFile; fileRef = D200001821031A3C00F0332D /* DonationReferrerTypesViewModel.swift */; };
		D200002921031A3C00F0332D /* DonationReferrerTypesDTO.swift in Sources */ = {isa = PBXBuildFile; fileRef = D200001921031A3C00F0332D /* DonationReferrerTypesDTO.swift */; };
		D200002A21031A3C00F0332D /* DonationReferrerTypesMapper.swift in Sources */ = {isa = PBXBuildFile; fileRef = D200001A21031A3C00F0332D /* DonationReferrerTypesMapper.swift */; };
		D300002121031A3C00F0332D /* AppNetwork.swift in Sources */ = {isa = PBXBuildFile; fileRef = D300001121031A3C00F0332D /* AppNetwork.swift */; };
		D500002121031A3C00F0332D /* ATErrorMapper.swift in Sources */ = {isa = PBXBuildFile; fileRef = D500001121031A3C00F0332D /* ATErrorMapper.swift */; };
		D600002121031A3C00F0332D /* ReferrerTypeUIModel.swift in Sources */ = {isa = PBXBuildFile; fileRef = D600001121031A3C00F0332D /* ReferrerTypeUIModel.swift */; };
		D700002121031A3C00F0332D /* ReferrerTypeSorter.swift in Sources */ = {isa = PBXBuildFile; fileRef = D700001121031A3C00F0332D /* ReferrerTypeSorter.swift */; };
		D900002121031A3C00F0332D /* DonationReferrerTypesAPI.swift in Sources */ = {isa = PBXBuildFile; fileRef = D900001121031A3C00F0332D /* DonationReferrerTypesAPI.swift */; };
		D100000321031A3C00F0332D /* AyanTechNetworkingLibrary in Frameworks */ = {isa = PBXBuildFile; productRef = D100000221031A3C00F0332D /* AyanTechNetworkingLibrary */; };
		4B90944C9B8A7A2343A70B1A /* mock in Resources */ = {isa = PBXBuildFile; fileRef = 4B90920A3F47C7303086EB17 /* mock */; };
/* End PBXBuildFile section */

/* Begin PBXFileReference section */
		0502A30421031A0400F0332D /* AyantechNetworkingLibraryDemo.app */ = {isa = PBXFileReference; explicitFileType = wrapper.application; includeInIndex = 0; path = AyantechNetworkingLibraryDemo.app; sourceTree = BUILT_PRODUCTS_DIR; };
		0502A30721031A0400F0332D /* AppDelegate.swift */ = {isa = PBXFileReference; lastKnownFileType = sourcecode.swift; path = AppDelegate.swift; sourceTree = "<group>"; };
		0502A30921031A0400F0332D /* DonationReferrerTypesViewController.swift */ = {isa = PBXFileReference; lastKnownFileType = sourcecode.swift; path = DonationReferrerTypesViewController.swift; sourceTree = "<group>"; };
		0502A30C21031A0400F0332D /* Base */ = {isa = PBXFileReference; lastKnownFileType = file.storyboard; name = Base; path = Base.lproj/Main.storyboard; sourceTree = "<group>"; };
		0502A30E21031A0500F0332D /* Assets.xcassets */ = {isa = PBXFileReference; lastKnownFileType = folder.assetcatalog; path = Assets.xcassets; sourceTree = "<group>"; };
		0502A31121031A0500F0332D /* Base */ = {isa = PBXFileReference; lastKnownFileType = file.storyboard; name = Base; path = Base.lproj/LaunchScreen.storyboard; sourceTree = "<group>"; };
		0502A31321031A0500F0332D /* Info.plist */ = {isa = PBXFileReference; lastKnownFileType = text.plist.xml; path = Info.plist; sourceTree = "<group>"; };
		D200001121031A3C00F0332D /* AppDependencies.swift */ = {isa = PBXFileReference; lastKnownFileType = sourcecode.swift; path = AppDependencies.swift; sourceTree = "<group>"; };
		D200001221031A3C00F0332D /* ReferrerType.swift */ = {isa = PBXFileReference; lastKnownFileType = sourcecode.swift; path = ReferrerType.swift; sourceTree = "<group>"; };
		D200001321031A3C00F0332D /* ReferrerTypeRepository.swift */ = {isa = PBXFileReference; lastKnownFileType = sourcecode.swift; path = ReferrerTypeRepository.swift; sourceTree = "<group>"; };
		D200001421031A3C00F0332D /* GetReferrerTypesUseCase.swift */ = {isa = PBXFileReference; lastKnownFileType = sourcecode.swift; path = GetReferrerTypesUseCase.swift; sourceTree = "<group>"; };
		D200001521031A3C00F0332D /* DonationReferrerTypesRemoteDataSource.swift */ = {isa = PBXFileReference; lastKnownFileType = sourcecode.swift; path = DonationReferrerTypesRemoteDataSource.swift; sourceTree = "<group>"; };
		D200001621031A3C00F0332D /* ReferrerTypeRepositoryImpl.swift */ = {isa = PBXFileReference; lastKnownFileType = sourcecode.swift; path = ReferrerTypeRepositoryImpl.swift; sourceTree = "<group>"; };
		D200001721031A3C00F0332D /* DonationReferrerTypesUIState.swift */ = {isa = PBXFileReference; lastKnownFileType = sourcecode.swift; path = DonationReferrerTypesUIState.swift; sourceTree = "<group>"; };
		D200001821031A3C00F0332D /* DonationReferrerTypesViewModel.swift */ = {isa = PBXFileReference; lastKnownFileType = sourcecode.swift; path = DonationReferrerTypesViewModel.swift; sourceTree = "<group>"; };
		D200001921031A3C00F0332D /* DonationReferrerTypesDTO.swift */ = {isa = PBXFileReference; lastKnownFileType = sourcecode.swift; path = DonationReferrerTypesDTO.swift; sourceTree = "<group>"; };
		D200001A21031A3C00F0332D /* DonationReferrerTypesMapper.swift */ = {isa = PBXFileReference; lastKnownFileType = sourcecode.swift; path = DonationReferrerTypesMapper.swift; sourceTree = "<group>"; };
		D300001121031A3C00F0332D /* AppNetwork.swift */ = {isa = PBXFileReference; lastKnownFileType = sourcecode.swift; path = AppNetwork.swift; sourceTree = "<group>"; };
		D500001121031A3C00F0332D /* ATErrorMapper.swift */ = {isa = PBXFileReference; lastKnownFileType = sourcecode.swift; path = ATErrorMapper.swift; sourceTree = "<group>"; };
		D600001121031A3C00F0332D /* ReferrerTypeUIModel.swift */ = {isa = PBXFileReference; lastKnownFileType = sourcecode.swift; path = ReferrerTypeUIModel.swift; sourceTree = "<group>"; };
		D700001121031A3C00F0332D /* ReferrerTypeSorter.swift */ = {isa = PBXFileReference; lastKnownFileType = sourcecode.swift; path = ReferrerTypeSorter.swift; sourceTree = "<group>"; };
		D900001121031A3C00F0332D /* DonationReferrerTypesAPI.swift */ = {isa = PBXFileReference; lastKnownFileType = sourcecode.swift; path = DonationReferrerTypesAPI.swift; sourceTree = "<group>"; };
		4B90920A3F47C7303086EB17 /* mock */ = {isa = PBXFileReference; fileEncoding = 4; lastKnownFileType = text; path = mock; sourceTree = "<group>"; };
/* End PBXFileReference section */

/* Begin PBXFrameworksBuildPhase section */
		0502A30121031A0400F0332D /* Frameworks */ = {
			isa = PBXFrameworksBuildPhase;
			buildActionMask = 2147483647;
			files = (
				D100000321031A3C00F0332D /* AyanTechNetworkingLibrary in Frameworks */,
			);
			runOnlyForDeploymentPostprocessing = 0;
		};
/* End PBXFrameworksBuildPhase section */

/* Begin PBXGroup section */
		0502A2FB21031A0400F0332D = {
			isa = PBXGroup;
			children = (
				0502A30621031A0400F0332D /* AyantechNetworkingLibraryDemo */,
				0502A30521031A0400F0332D /* Products */,
			);
			sourceTree = "<group>";
		};
		0502A30521031A0400F0332D /* Products */ = {
			isa = PBXGroup;
			children = (
				0502A30421031A0400F0332D /* AyantechNetworkingLibraryDemo.app */,
			);
			name = Products;
			sourceTree = "<group>";
		};
		0502A30621031A0400F0332D /* AyantechNetworkingLibraryDemo */ = {
			isa = PBXGroup;
			children = (
				0502A30721031A0400F0332D /* AppDelegate.swift */,
				D200000121031A3C00F0332D /* App */,
				D300000121031A3C00F0332D /* Networking */,
				D200000221031A3C00F0332D /* Features */,
				0502A30B21031A0400F0332D /* Main.storyboard */,
				0502A30E21031A0500F0332D /* Assets.xcassets */,
				0502A31021031A0500F0332D /* LaunchScreen.storyboard */,
				0502A31321031A0500F0332D /* Info.plist */,
				4B90920A3F47C7303086EB17 /* mock */,
			);
			path = AyantechNetworkingLibraryDemo;
			sourceTree = "<group>";
		};
		D200000121031A3C00F0332D /* App */ = {
			isa = PBXGroup;
			children = (
				D200001121031A3C00F0332D /* AppDependencies.swift */,
			);
			path = App;
			sourceTree = "<group>";
		};
		D300000121031A3C00F0332D /* Networking */ = {
			isa = PBXGroup;
			children = (
				D500001121031A3C00F0332D /* ATErrorMapper.swift */,
				D300001121031A3C00F0332D /* AppNetwork.swift */,
			);
			path = Networking;
			sourceTree = "<group>";
		};
		D200000221031A3C00F0332D /* Features */ = {
			isa = PBXGroup;
			children = (
				D200000321031A3C00F0332D /* DonationReferrerTypes */,
			);
			path = Features;
			sourceTree = "<group>";
		};
		D200000321031A3C00F0332D /* DonationReferrerTypes */ = {
			isa = PBXGroup;
			children = (
				D200000421031A3C00F0332D /* UI */,
				D200000521031A3C00F0332D /* Domain */,
				D200000621031A3C00F0332D /* Data */,
			);
			path = DonationReferrerTypes;
			sourceTree = "<group>";
		};
		D200000421031A3C00F0332D /* UI */ = {
			isa = PBXGroup;
			children = (
				0502A30921031A0400F0332D /* DonationReferrerTypesViewController.swift */,
				D600001121031A3C00F0332D /* ReferrerTypeUIModel.swift */,
				D200001721031A3C00F0332D /* DonationReferrerTypesUIState.swift */,
				D200001821031A3C00F0332D /* DonationReferrerTypesViewModel.swift */,
			);
			path = UI;
			sourceTree = "<group>";
		};
		D200000521031A3C00F0332D /* Domain */ = {
			isa = PBXGroup;
			children = (
				D200000721031A3C00F0332D /* Model */,
				D200000821031A3C00F0332D /* Repository */,
				D200000921031A3C00F0332D /* UseCase */,
				D700000121031A3C00F0332D /* Helper */,
			);
			path = Domain;
			sourceTree = "<group>";
		};
		D200000621031A3C00F0332D /* Data */ = {
			isa = PBXGroup;
			children = (
				D200000A21031A3C00F0332D /* Repository */,
				D200000B21031A3C00F0332D /* Remote */,
				D200000C21031A3C00F0332D /* DTO */,
				D200000D21031A3C00F0332D /* Mapper */,
			);
			path = Data;
			sourceTree = "<group>";
		};
		D200000721031A3C00F0332D /* Model */ = {
			isa = PBXGroup;
			children = (
				D200001221031A3C00F0332D /* ReferrerType.swift */,
			);
			path = Model;
			sourceTree = "<group>";
		};
		D200000821031A3C00F0332D /* Repository */ = {
			isa = PBXGroup;
			children = (
				D200001321031A3C00F0332D /* ReferrerTypeRepository.swift */,
			);
			path = Repository;
			sourceTree = "<group>";
		};
		D200000921031A3C00F0332D /* UseCase */ = {
			isa = PBXGroup;
			children = (
				D200001421031A3C00F0332D /* GetReferrerTypesUseCase.swift */,
			);
			path = UseCase;
			sourceTree = "<group>";
		};
		D700000121031A3C00F0332D /* Helper */ = {
			isa = PBXGroup;
			children = (
				D700001121031A3C00F0332D /* ReferrerTypeSorter.swift */,
			);
			path = Helper;
			sourceTree = "<group>";
		};
		D200000A21031A3C00F0332D /* Repository */ = {
			isa = PBXGroup;
			children = (
				D200001621031A3C00F0332D /* ReferrerTypeRepositoryImpl.swift */,
			);
			path = Repository;
			sourceTree = "<group>";
		};
		D200000B21031A3C00F0332D /* Remote */ = {
			isa = PBXGroup;
			children = (
				D900001121031A3C00F0332D /* DonationReferrerTypesAPI.swift */,
				D200001521031A3C00F0332D /* DonationReferrerTypesRemoteDataSource.swift */,
			);
			path = Remote;
			sourceTree = "<group>";
		};
		D200000C21031A3C00F0332D /* DTO */ = {
			isa = PBXGroup;
			children = (
				D200001921031A3C00F0332D /* DonationReferrerTypesDTO.swift */,
			);
			path = DTO;
			sourceTree = "<group>";
		};
		D200000D21031A3C00F0332D /* Mapper */ = {
			isa = PBXGroup;
			children = (
				D200001A21031A3C00F0332D /* DonationReferrerTypesMapper.swift */,
			);
			path = Mapper;
			sourceTree = "<group>";
		};
/* End PBXGroup section */

/* Begin PBXNativeTarget section */
		0502A30321031A0400F0332D /* AyantechNetworkingLibraryDemo */ = {
			isa = PBXNativeTarget;
			buildConfigurationList = 0502A31621031A0500F0332D /* Build configuration list for PBXNativeTarget "AyantechNetworkingLibraryDemo" */;
			buildPhases = (
				0502A30021031A0400F0332D /* Sources */,
				0502A30121031A0400F0332D /* Frameworks */,
				0502A30221031A0400F0332D /* Resources */,
			);
			buildRules = (
			);
			dependencies = (
			);
			name = AyantechNetworkingLibraryDemo;
			packageProductDependencies = (
				D100000221031A3C00F0332D /* AyanTechNetworkingLibrary */,
			);
			productName = AyantechNetworkingLibraryDemo;
			productReference = 0502A30421031A0400F0332D /* AyantechNetworkingLibraryDemo.app */;
			productType = "com.apple.product-type.application";
		};
/* End PBXNativeTarget section */

/* Begin PBXProject section */
		0502A2FC21031A0400F0332D /* Project object */ = {
			isa = PBXProject;
			attributes = {
				LastSwiftUpdateCheck = 0940;
				LastUpgradeCheck = 1020;
				ORGANIZATIONNAME = Ayantech;
				TargetAttributes = {
					0502A30321031A0400F0332D = {
						CreatedOnToolsVersion = 9.4.1;
					};
				};
			};
			buildConfigurationList = 0502A2FF21031A0400F0332D /* Build configuration list for PBXProject "AyantechNetworkingLibraryDemo" */;
			compatibilityVersion = "Xcode 9.3";
			developmentRegion = en;
			hasScannedForEncodings = 0;
			knownRegions = (
				en,
				Base,
			);
			mainGroup = 0502A2FB21031A0400F0332D;
			packageReferences = (
				D100000121031A3C00F0332D /* XCLocalSwiftPackageReference "AyanTechNetworkingLibrary-iOS" */,
			);
			productRefGroup = 0502A30521031A0400F0332D /* Products */;
			projectDirPath = "";
			projectRoot = "";
			targets = (
				0502A30321031A0400F0332D /* AyantechNetworkingLibraryDemo */,
			);
		};
/* End PBXProject section */

/* Begin PBXResourcesBuildPhase section */
		0502A30221031A0400F0332D /* Resources */ = {
			isa = PBXResourcesBuildPhase;
			buildActionMask = 2147483647;
			files = (
				0502A31221031A0500F0332D /* LaunchScreen.storyboard in Resources */,
				0502A30F21031A0500F0332D /* Assets.xcassets in Resources */,
				0502A30D21031A0400F0332D /* Main.storyboard in Resources */,
				4B90944C9B8A7A2343A70B1A /* mock in Resources */,
			);
			runOnlyForDeploymentPostprocessing = 0;
		};
/* End PBXResourcesBuildPhase section */

/* Begin PBXSourcesBuildPhase section */
		0502A30021031A0400F0332D /* Sources */ = {
			isa = PBXSourcesBuildPhase;
			buildActionMask = 2147483647;
			files = (
				D200002121031A3C00F0332D /* AppDependencies.swift in Sources */,
				D200002221031A3C00F0332D /* ReferrerType.swift in Sources */,
				D200002321031A3C00F0332D /* ReferrerTypeRepository.swift in Sources */,
				D200002421031A3C00F0332D /* GetReferrerTypesUseCase.swift in Sources */,
				D200002521031A3C00F0332D /* DonationReferrerTypesRemoteDataSource.swift in Sources */,
				D200002621031A3C00F0332D /* ReferrerTypeRepositoryImpl.swift in Sources */,
				D200002721031A3C00F0332D /* DonationReferrerTypesUIState.swift in Sources */,
				D200002821031A3C00F0332D /* DonationReferrerTypesViewModel.swift in Sources */,
				D200002921031A3C00F0332D /* DonationReferrerTypesDTO.swift in Sources */,
				D200002A21031A3C00F0332D /* DonationReferrerTypesMapper.swift in Sources */,
				D300002121031A3C00F0332D /* AppNetwork.swift in Sources */,
				D500002121031A3C00F0332D /* ATErrorMapper.swift in Sources */,
				D600002121031A3C00F0332D /* ReferrerTypeUIModel.swift in Sources */,
				D700002121031A3C00F0332D /* ReferrerTypeSorter.swift in Sources */,
				D900002121031A3C00F0332D /* DonationReferrerTypesAPI.swift in Sources */,
				0502A30A21031A0400F0332D /* DonationReferrerTypesViewController.swift in Sources */,
				0502A30821031A0400F0332D /* AppDelegate.swift in Sources */,
			);
			runOnlyForDeploymentPostprocessing = 0;
		};
/* End PBXSourcesBuildPhase section */

/* Begin PBXVariantGroup section */
		0502A30B21031A0400F0332D /* Main.storyboard */ = {
			isa = PBXVariantGroup;
			children = (
				0502A30C21031A0400F0332D /* Base */,
			);
			name = Main.storyboard;
			sourceTree = "<group>";
		};
		0502A31021031A0500F0332D /* LaunchScreen.storyboard */ = {
			isa = PBXVariantGroup;
			children = (
				0502A31121031A0500F0332D /* Base */,
			);
			name = LaunchScreen.storyboard;
			sourceTree = "<group>";
		};
/* End PBXVariantGroup section */

/* Begin XCBuildConfiguration section */
		0502A31421031A0500F0332D /* Debug */ = {
			isa = XCBuildConfiguration;
			buildSettings = {
				ALWAYS_SEARCH_USER_PATHS = NO;
				CLANG_ANALYZER_NONNULL = YES;
				CLANG_ANALYZER_NUMBER_OBJECT_CONVERSION = YES_AGGRESSIVE;
				CLANG_CXX_LANGUAGE_STANDARD = "gnu++14";
				CLANG_CXX_LIBRARY = "libc++";
				CLANG_ENABLE_MODULES = YES;
				CLANG_ENABLE_OBJC_ARC = YES;
				CLANG_ENABLE_OBJC_WEAK = YES;
				CLANG_WARN_BLOCK_CAPTURE_AUTORELEASING = YES;
				CLANG_WARN_BOOL_CONVERSION = YES;
				CLANG_WARN_COMMA = YES;
				CLANG_WARN_CONSTANT_CONVERSION = YES;
				CLANG_WARN_DEPRECATED_OBJC_IMPLEMENTATIONS = YES;
				CLANG_WARN_DIRECT_OBJC_ISA_USAGE = YES_ERROR;
				CLANG_WARN_DOCUMENTATION_COMMENTS = YES;
				CLANG_WARN_EMPTY_BODY = YES;
				CLANG_WARN_ENUM_CONVERSION = YES;
				CLANG_WARN_INFINITE_RECURSION = YES;
				CLANG_WARN_INT_CONVERSION = YES;
				CLANG_WARN_NON_LITERAL_NULL_CONVERSION = YES;
				CLANG_WARN_OBJC_IMPLICIT_RETAIN_SELF = YES;
				CLANG_WARN_OBJC_LITERAL_CONVERSION = YES;
				CLANG_WARN_OBJC_ROOT_CLASS = YES_ERROR;
				CLANG_WARN_RANGE_LOOP_ANALYSIS = YES;
				CLANG_WARN_STRICT_PROTOTYPES = YES;
				CLANG_WARN_SUSPICIOUS_MOVE = YES;
				CLANG_WARN_UNGUARDED_AVAILABILITY = YES_AGGRESSIVE;
				CLANG_WARN_UNREACHABLE_CODE = YES;
				CLANG_WARN__DUPLICATE_METHOD_MATCH = YES;
				CODE_SIGN_IDENTITY = "iPhone Developer";
				COPY_PHASE_STRIP = NO;
				DEBUG_INFORMATION_FORMAT = dwarf;
				ENABLE_STRICT_OBJC_MSGSEND = YES;
				ENABLE_TESTABILITY = YES;
				GCC_C_LANGUAGE_STANDARD = gnu11;
				GCC_DYNAMIC_NO_PIC = NO;
				GCC_NO_COMMON_BLOCKS = YES;
				GCC_OPTIMIZATION_LEVEL = 0;
				GCC_PREPROCESSOR_DEFINITIONS = (
					"DEBUG=1",
					"$(inherited)",
				);
				GCC_WARN_64_TO_32_BIT_CONVERSION = YES;
				GCC_WARN_ABOUT_RETURN_TYPE = YES_ERROR;
				GCC_WARN_UNDECLARED_SELECTOR = YES;
				GCC_WARN_UNINITIALIZED_AUTOS = YES_AGGRESSIVE;
				GCC_WARN_UNUSED_FUNCTION = YES;
				GCC_WARN_UNUSED_VARIABLE = YES;
				IPHONEOS_DEPLOYMENT_TARGET = 13.0;
				MTL_ENABLE_DEBUG_INFO = YES;
				ONLY_ACTIVE_ARCH = YES;
				SDKROOT = iphoneos;
				SWIFT_ACTIVE_COMPILATION_CONDITIONS = DEBUG;
				SWIFT_OPTIMIZATION_LEVEL = "-Onone";
			};
			name = Debug;
		};
		0502A31521031A0500F0332D /* Release */ = {
			isa = XCBuildConfiguration;
			buildSettings = {
				ALWAYS_SEARCH_USER_PATHS = NO;
				CLANG_ANALYZER_NONNULL = YES;
				CLANG_ANALYZER_NUMBER_OBJECT_CONVERSION = YES_AGGRESSIVE;
				CLANG_CXX_LANGUAGE_STANDARD = "gnu++14";
				CLANG_CXX_LIBRARY = "libc++";
				CLANG_ENABLE_MODULES = YES;
				CLANG_ENABLE_OBJC_ARC = YES;
				CLANG_ENABLE_OBJC_WEAK = YES;
				CLANG_WARN_BLOCK_CAPTURE_AUTORELEASING = YES;
				CLANG_WARN_BOOL_CONVERSION = YES;
				CLANG_WARN_COMMA = YES;
				CLANG_WARN_CONSTANT_CONVERSION = YES;
				CLANG_WARN_DEPRECATED_OBJC_IMPLEMENTATIONS = YES;
				CLANG_WARN_DIRECT_OBJC_ISA_USAGE = YES_ERROR;
				CLANG_WARN_DOCUMENTATION_COMMENTS = YES;
				CLANG_WARN_EMPTY_BODY = YES;
				CLANG_WARN_ENUM_CONVERSION = YES;
				CLANG_WARN_INFINITE_RECURSION = YES;
				CLANG_WARN_INT_CONVERSION = YES;
				CLANG_WARN_NON_LITERAL_NULL_CONVERSION = YES;
				CLANG_WARN_OBJC_IMPLICIT_RETAIN_SELF = YES;
				CLANG_WARN_OBJC_LITERAL_CONVERSION = YES;
				CLANG_WARN_OBJC_ROOT_CLASS = YES_ERROR;
				CLANG_WARN_RANGE_LOOP_ANALYSIS = YES;
				CLANG_WARN_STRICT_PROTOTYPES = YES;
				CLANG_WARN_SUSPICIOUS_MOVE = YES;
				CLANG_WARN_UNGUARDED_AVAILABILITY = YES_AGGRESSIVE;
				CLANG_WARN_UNREACHABLE_CODE = YES;
				CLANG_WARN__DUPLICATE_METHOD_MATCH = YES;
				CODE_SIGN_IDENTITY = "iPhone Developer";
				COPY_PHASE_STRIP = NO;
				DEBUG_INFORMATION_FORMAT = "dwarf-with-dsym";
				ENABLE_NS_ASSERTIONS = NO;
				ENABLE_STRICT_OBJC_MSGSEND = YES;
				GCC_C_LANGUAGE_STANDARD = gnu11;
				GCC_NO_COMMON_BLOCKS = YES;
				GCC_WARN_64_TO_32_BIT_CONVERSION = YES;
				GCC_WARN_ABOUT_RETURN_TYPE = YES_ERROR;
				GCC_WARN_UNDECLARED_SELECTOR = YES;
				GCC_WARN_UNINITIALIZED_AUTOS = YES_AGGRESSIVE;
				GCC_WARN_UNUSED_FUNCTION = YES;
				GCC_WARN_UNUSED_VARIABLE = YES;
				IPHONEOS_DEPLOYMENT_TARGET = 13.0;
				MTL_ENABLE_DEBUG_INFO = NO;
				SDKROOT = iphoneos;
				SWIFT_COMPILATION_MODE = wholemodule;
				SWIFT_OPTIMIZATION_LEVEL = "-O";
				VALIDATE_PRODUCT = YES;
			};
			name = Release;
		};
		0502A31721031A0500F0332D /* Debug */ = {
			isa = XCBuildConfiguration;
			buildSettings = {
				ASSETCATALOG_COMPILER_APPICON_NAME = AppIcon;
				CODE_SIGN_STYLE = Automatic;
				DEVELOPMENT_TEAM = Q47THDC3AE;
				INFOPLIST_FILE = AyantechNetworkingLibraryDemo/Info.plist;
				IPHONEOS_DEPLOYMENT_TARGET = 13.0;
				LD_RUNPATH_SEARCH_PATHS = (
					"$(inherited)",
					"@executable_path/Frameworks",
				);
				PRODUCT_BUNDLE_IDENTIFIER = ayantech.ir.AyantechNetworkingLibraryDemo;
				PRODUCT_NAME = "$(TARGET_NAME)";
				SWIFT_VERSION = 6.0;
				TARGETED_DEVICE_FAMILY = "1,2";
			};
			name = Debug;
		};
		0502A31821031A0500F0332D /* Release */ = {
			isa = XCBuildConfiguration;
			buildSettings = {
				ASSETCATALOG_COMPILER_APPICON_NAME = AppIcon;
				CODE_SIGN_STYLE = Automatic;
				DEVELOPMENT_TEAM = Q47THDC3AE;
				INFOPLIST_FILE = AyantechNetworkingLibraryDemo/Info.plist;
				IPHONEOS_DEPLOYMENT_TARGET = 13.0;
				LD_RUNPATH_SEARCH_PATHS = (
					"$(inherited)",
					"@executable_path/Frameworks",
				);
				PRODUCT_BUNDLE_IDENTIFIER = ayantech.ir.AyantechNetworkingLibraryDemo;
				PRODUCT_NAME = "$(TARGET_NAME)";
				SWIFT_VERSION = 6.0;
				TARGETED_DEVICE_FAMILY = "1,2";
			};
			name = Release;
		};
/* End XCBuildConfiguration section */

/* Begin XCConfigurationList section */
		0502A2FF21031A0400F0332D /* Build configuration list for PBXProject "AyantechNetworkingLibraryDemo" */ = {
			isa = XCConfigurationList;
			buildConfigurations = (
				0502A31421031A0500F0332D /* Debug */,
				0502A31521031A0500F0332D /* Release */,
			);
			defaultConfigurationIsVisible = 0;
			defaultConfigurationName = Release;
		};
		0502A31621031A0500F0332D /* Build configuration list for PBXNativeTarget "AyantechNetworkingLibraryDemo" */ = {
			isa = XCConfigurationList;
			buildConfigurations = (
				0502A31721031A0500F0332D /* Debug */,
				0502A31821031A0500F0332D /* Release */,
			);
			defaultConfigurationIsVisible = 0;
			defaultConfigurationName = Release;
		};
/* End XCConfigurationList section */

/* Begin XCLocalSwiftPackageReference section */
		D100000121031A3C00F0332D /* XCLocalSwiftPackageReference "AyanTechNetworkingLibrary-iOS" */ = {
			isa = XCLocalSwiftPackageReference;
			relativePath = ..;
		};
/* End XCLocalSwiftPackageReference section */

/* Begin XCSwiftPackageProductDependency section */
		D100000221031A3C00F0332D /* AyanTechNetworkingLibrary */ = {
			isa = XCSwiftPackageProductDependency;
			package = D100000121031A3C00F0332D /* XCLocalSwiftPackageReference "AyanTechNetworkingLibrary-iOS" */;
			productName = AyanTechNetworkingLibrary;
		};
/* End XCSwiftPackageProductDependency section */
	};
	rootObject = 0502A2FC21031A0400F0332D /* Project object */;
}
